
Microsoft Visual Studio Solution File, Format Version 12.00
# Visual Studio Version 17
VisualStudioVersion = 17.13.35806.99 d17.13
MinimumVisualStudioVersion = 10.0.40219.1
Project("{FAE04EC0-301F-11D3-BF4B-00C04F79EFBC}") = "Elden Ring Build Planner", "Elden Ring Build Planner\Elden Ring Build Planner.csproj", "{81F9AB09-DCE1-4322-BB9D-4F24B29980E2}"
EndProject
Global
	GlobalSection(SolutionConfigurationPlatforms) = preSolution
		Debug|Any CPU = Debug|Any CPU
		Release|Any CPU = Release|Any CPU
	EndGlobalSection
	GlobalSection(ProjectConfigurationPlatforms) = postSolution
		{81F9AB09-DCE1-4322-BB9D-4F24B29980E2}.Debug|Any CPU.ActiveCfg = Debug|Any CPU
		{81F9AB09-DCE1-4322-BB9D-4F24B29980E2}.Debug|Any CPU.Build.0 = Debug|Any CPU
		{81F9AB09-DCE1-4322-BB9D-4F24B29980E2}.Release|Any CPU.ActiveCfg = Release|Any CPU
		{81F9AB09-DCE1-4322-BB9D-4F24B29980E2}.Release|Any CPU.Build.0 = Release|Any CPU
	EndGlobalSection
	GlobalSection(SolutionProperties) = preSolution
		HideSolutionNode = FALSE
	EndGlobalSection
	GlobalSection(ExtensibilityGlobals) = postSolution
		SolutionGuid = {847CE0FB-62EC-472A-ADBF-2DB761242769}
	EndGlobalSection
EndGlobal
