<?xml version="1.0" encoding="utf-8"?>
<Project ToolsVersion="4.0" xmlns="http://schemas.microsoft.com/developer/msbuild/2003">
  <ItemGroup>
    <Filter Include="Source Files">
      <UniqueIdentifier>{4FC737F1-C7A5-4376-A066-2A32D752A2FF}</UniqueIdentifier>
      <Extensions>cpp;c;cc;cxx;c++;cppm;ixx;def;odl;idl;hpj;bat;asm;asmx</Extensions>
    </Filter>
    <Filter Include="Header Files">
      <UniqueIdentifier>{93995380-89BD-4b04-88EB-625FBE52EBFB}</UniqueIdentifier>
      <Extensions>h;hh;hpp;hxx;h++;hm;inl;inc;ipp;xsd</Extensions>
    </Filter>
    <Filter Include="Resource Files">
      <UniqueIdentifier>{67DA6AB6-F800-4c08-8B7A-83BB121AAD01}</UniqueIdentifier>
      <Extensions>rc;ico;cur;bmp;dlg;rc2;rct;bin;rgs;gif;jpg;jpeg;jpe;resx;tiff;tif;png;wav;mfcribbon-ms</Extensions>
    </Filter>
    <Filter Include="Models">
      <UniqueIdentifier>{ebf93515-dd9f-4f43-8565-e3783d16fe2c}</UniqueIdentifier>
    </Filter>
    <Filter Include="Data">
      <UniqueIdentifier>{bf6a9ce8-2291-4c4c-81ea-5048fba4691f}</UniqueIdentifier>
    </Filter>
  </ItemGroup>
  <ItemGroup>
    <None Include="Character.cs">
      <Filter>Models</Filter>
    </None>
    <None Include="Item.cs">
      <Filter>Models</Filter>
    </None>
    <None Include="Weapon.cs">
      <Filter>Models</Filter>
    </None>
    <None Include="Armor.cs">
      <Filter>Models</Filter>
    </None>
    <None Include="Talisman.cs">
      <Filter>Models</Filter>
    </None>
    <None Include="Spell.cs">
      <Filter>Models</Filter>
    </None>
    <None Include="AshOfWar.cs">
      <Filter>Models</Filter>
    </None>
    <None Include="DataHandler.cs">
      <Filter>Data</Filter>
    </None>
    <None Include="BuildManager.cs">
      <Filter>Data</Filter>
    </None>
  </ItemGroup>
</Project>